{
  "name": "test",
  "version": "1.0.0",
  "lockfileVersion": 3,
  "requires": true,
  "packages": {
    "": {
      "name": "test",
      "version": "1.0.0",
      "license": "ISC",
      "dependencies": {
        "@riteshh123/walletscore": "^1.0.2"
      }
    },
    "node_modules/@riteshh123/walletscore": {
      "version": "1.0.2",
      "resolved": "https://registry.npmjs.org/@riteshh123/walletscore/-/walletscore-1.0.2.tgz",
      "integrity": "sha512-LPk7lyAxY9NyAaXnf/5cmbcOelGP0Jf201PsN9NGfEjk5g0gh1as8upoDeARRxW1vOkxnrpA7Qm37ZPJfwXK7g==",
      "license": "ISC"
    }
  }
}
