{
  "name": "test",
  "version": "1.0.0",
  "lockfileVersion": 3,
  "requires": true,
  "packages": {
    "": {
      "name": "test",
      "version": "1.0.0",
      "license": "ISC",
      "dependencies": {
        "@riteshh123/wallet-audit": "^1.0.5",
        "@riteshh123/walletscore": "^1.0.2"
      }
    },
    "node_modules/@riteshh123/wallet-audit": {
      "version": "1.0.5",
      "resolved": "https://registry.npmjs.org/@riteshh123/wallet-audit/-/wallet-audit-1.0.5.tgz",
      "integrity": "sha512-lPMtUb3lKx+Z002JMDyvACSm3ksC7xIwZEuJE34i8m2oQwPk2VdgJhTuxnbqAC6cJ+J2NkthB7Wr/ZM93xf19w==",
      "license": "ISC",
      "dependencies": {
        "dotenv": "^17.4.1"
      }
    },
    "node_modules/@riteshh123/walletscore": {
      "version": "1.0.2",
      "resolved": "https://registry.npmjs.org/@riteshh123/walletscore/-/walletscore-1.0.2.tgz",
      "integrity": "sha512-LPk7lyAxY9NyAaXnf/5cmbcOelGP0Jf201PsN9NGfEjk5g0gh1as8upoDeARRxW1vOkxnrpA7Qm37ZPJfwXK7g==",
      "license": "ISC"
    },
    "node_modules/dotenv": {
      "version": "17.4.1",
      "resolved": "https://registry.npmjs.org/dotenv/-/dotenv-17.4.1.tgz",
      "integrity": "sha512-k8DaKGP6r1G30Lx8V4+pCsLzKr8vLmV2paqEj1Y55GdAgJuIqpRp5FfajGF8KtwMxCz9qJc6wUIJnm053d/WCw==",
      "license": "BSD-2-Clause",
      "engines": {
        "node": ">=12"
      },
      "funding": {
        "url": "https://dotenvx.com"
      }
    }
  }
}
